PODS:
  - TFY_LayoutCategoryKit (2.0.4):
    - TFY_LayoutCategoryKit/TFY_Categories (= 2.0.4)
    - TFY_LayoutCategoryKit/TFY_Chain (= 2.0.4)
    - TFY_LayoutCategoryKit/TFY_Tools (= 2.0.4)
  - TFY_LayoutCategoryKit/TFY_Categories (2.0.4):
    - TFY_LayoutCategoryKit/TFY_Categories/TFY_BadgeView (= 2.0.4)
    - TFY_LayoutCategoryKit/TFY_Categories/TFY_Foundation (= 2.0.4)
    - TFY_LayoutCategoryKit/TFY_Categories/TFY_UI (= 2.0.4)
    - TFY_LayoutCategoryKit/TFY_Tools
  - TFY_LayoutCategoryKit/TFY_Categories/TFY_BadgeView (2.0.4):
    - TFY_LayoutCategoryKit/TFY_Tools
  - TFY_LayoutCategoryKit/TFY_Categories/TFY_Foundation (2.0.4):
    - TFY_LayoutCategoryKit/TFY_Tools
  - TFY_LayoutCategoryKit/TFY_Categories/TFY_UI (2.0.4):
    - TFY_LayoutCategoryKit/TFY_Tools
  - TFY_LayoutCategoryKit/TFY_Chain (2.0.4):
    - TFY_LayoutCategoryKit/TFY_Chain/TFY_CALayer (= 2.0.4)
    - TFY_LayoutCategoryKit/TFY_Chain/TFY_ChainBase (= 2.0.4)
    - TFY_LayoutCategoryKit/TFY_Chain/TFY_UIGesture (= 2.0.4)
    - TFY_LayoutCategoryKit/TFY_Chain/TFY_UIView (= 2.0.4)
  - TFY_LayoutCategoryKit/TFY_Chain/TFY_CALayer (2.0.4):
    - TFY_LayoutCategoryKit/TFY_Categories/TFY_UI
    - TFY_LayoutCategoryKit/TFY_Chain/TFY_ChainBase
  - TFY_LayoutCategoryKit/TFY_Chain/TFY_ChainBase (2.0.4)
  - TFY_LayoutCategoryKit/TFY_Chain/TFY_UIGesture (2.0.4):
    - TFY_LayoutCategoryKit/TFY_Categories/TFY_UI
    - TFY_LayoutCategoryKit/TFY_Chain/TFY_ChainBase
  - TFY_LayoutCategoryKit/TFY_Chain/TFY_UIView (2.0.4):
    - TFY_LayoutCategoryKit/TFY_Categories/TFY_Foundation
    - TFY_LayoutCategoryKit/TFY_Categories/TFY_UI
    - TFY_LayoutCategoryKit/TFY_Chain/TFY_CALayer
    - TFY_LayoutCategoryKit/TFY_Chain/TFY_ChainBase
    - TFY_LayoutCategoryKit/TFY_Chain/TFY_UIGesture
  - TFY_LayoutCategoryKit/TFY_Tools (2.0.4)
  - TFY_Navigation (2.8.0):
    - TFY_Navigation/TFY_NavControoler (= 2.8.0)
  - TFY_Navigation/TFY_NavControoler (2.8.0)
  - TFY_ProgressHUD (2.4.6)

DEPENDENCIES:
  - TFY_LayoutCategoryKit
  - TFY_Navigation
  - TFY_ProgressHUD

SPEC REPOS:
  trunk:
    - TFY_LayoutCategoryKit
    - TFY_Navigation
    - TFY_ProgressHUD

SPEC CHECKSUMS:
  TFY_LayoutCategoryKit: 4bfb97e1488ec83a0e82ab9f8920b10a5360e304
  TFY_Navigation: 67a38e39701ccfb653aca2072cbc2a40f6e4a631
  TFY_ProgressHUD: c6ffd0626cd8ed74616177139f0925060ac040dd

PODFILE CHECKSUM: e5288ab10c959efa28eca7ec81213b6c92eaf1f6

COCOAPODS: 1.11.2
