// !$*UTF8*$!
{
	archiveVersion = 1;
	classes = {
	};
	objectVersion = 54;
	objects = {

/* Begin PBXBuildFile section */
		1D0E4C093EA85EEDB9DA5AE1 /* libPods-TFY_Calendar.a in Frameworks */ = {isa = PBXBuildFile; fileRef = CF27E784B39C871C3EBDD10F /* libPods-TFY_Calendar.a */; };
		361FF2E6292C5E1700502FEF /* CalendarTagController.m in Sources */ = {isa = PBXBuildFile; fileRef = 361FF2E5292C5E1700502FEF /* CalendarTagController.m */; };
		361FF2E9292C61EF00502FEF /* CalendarTagCollectionCell.m in Sources */ = {isa = PBXBuildFile; fileRef = 361FF2E8292C61EF00502FEF /* CalendarTagCollectionCell.m */; };
		361FF2EC292C65A700502FEF /* CalendarTagView.m in Sources */ = {isa = PBXBuildFile; fileRef = 361FF2EB292C65A700502FEF /* CalendarTagView.m */; };
		3644D56728616FC800408B2D /* ScopeExampleViewController.m in Sources */ = {isa = PBXBuildFile; fileRef = 3644D56628616FC800408B2D /* ScopeExampleViewController.m */; };
		3656F1A825D293E90030D8CF /* TFY_CalendarCalculator.m in Sources */ = {isa = PBXBuildFile; fileRef = 3656F18825D293E80030D8CF /* TFY_CalendarCalculator.m */; };
		3656F1A925D293E90030D8CF /* TFY_Calendar.m in Sources */ = {isa = PBXBuildFile; fileRef = 3656F18925D293E80030D8CF /* TFY_Calendar.m */; };
		3656F1AA25D293E90030D8CF /* TFY_CalendarDelegationProxy.m in Sources */ = {isa = PBXBuildFile; fileRef = 3656F18B25D293E80030D8CF /* TFY_CalendarDelegationProxy.m */; };
		3656F1AB25D293E90030D8CF /* TFY_CalendarAppearance.m in Sources */ = {isa = PBXBuildFile; fileRef = 3656F18E25D293E80030D8CF /* TFY_CalendarAppearance.m */; };
		3656F1AC25D293E90030D8CF /* TFY_CalendarCell.m in Sources */ = {isa = PBXBuildFile; fileRef = 3656F19125D293E80030D8CF /* TFY_CalendarCell.m */; };
		3656F1AD25D293E90030D8CF /* TFY_CalendarCollectionView.m in Sources */ = {isa = PBXBuildFile; fileRef = 3656F19225D293E80030D8CF /* TFY_CalendarCollectionView.m */; };
		3656F1AE25D293E90030D8CF /* TFY_CalendarCollectionViewLayout.m in Sources */ = {isa = PBXBuildFile; fileRef = 3656F19425D293E80030D8CF /* TFY_CalendarCollectionViewLayout.m */; };
		3656F1AF25D293E90030D8CF /* TFY_CalendarTransitionCoordinator.m in Sources */ = {isa = PBXBuildFile; fileRef = 3656F19625D293E80030D8CF /* TFY_CalendarTransitionCoordinator.m */; };
		3656F1B025D293E90030D8CF /* TFY_LunarFormatter.m in Sources */ = {isa = PBXBuildFile; fileRef = 3656F19B25D293E90030D8CF /* TFY_LunarFormatter.m */; };
		3656F1B125D293E90030D8CF /* TFY_CalendarDelegationFactory.m in Sources */ = {isa = PBXBuildFile; fileRef = 3656F19C25D293E90030D8CF /* TFY_CalendarDelegationFactory.m */; };
		3656F1B225D293E90030D8CF /* TFY_CalendarSeparatorDecorationView.m in Sources */ = {isa = PBXBuildFile; fileRef = 3656F19D25D293E90030D8CF /* TFY_CalendarSeparatorDecorationView.m */; };
		3656F1B325D293E90030D8CF /* TFY_CalendarWeekdayView.m in Sources */ = {isa = PBXBuildFile; fileRef = 3656F19E25D293E90030D8CF /* TFY_CalendarWeekdayView.m */; };
		3656F1B425D293E90030D8CF /* TFY_CalendarExtensions.m in Sources */ = {isa = PBXBuildFile; fileRef = 3656F1A125D293E90030D8CF /* TFY_CalendarExtensions.m */; };
		3656F1B525D293E90030D8CF /* TFY_CalendarStickyHeader.m in Sources */ = {isa = PBXBuildFile; fileRef = 3656F1A325D293E90030D8CF /* TFY_CalendarStickyHeader.m */; };
		3656F1B625D293E90030D8CF /* TFY_CalendarHeaderView.m in Sources */ = {isa = PBXBuildFile; fileRef = 3656F1A425D293E90030D8CF /* TFY_CalendarHeaderView.m */; };
		3656F1B725D293E90030D8CF /* TFY_CalendarConstants.m in Sources */ = {isa = PBXBuildFile; fileRef = 3656F1A525D293E90030D8CF /* TFY_CalendarConstants.m */; };
		365ED16C23938ED400981A14 /* RangePickerViewController.m in Sources */ = {isa = PBXBuildFile; fileRef = 365ED16923938ED400981A14 /* RangePickerViewController.m */; };
		365ED16D23938ED400981A14 /* RangePickerCell.m in Sources */ = {isa = PBXBuildFile; fileRef = 365ED16A23938ED400981A14 /* RangePickerCell.m */; };
		365ED17223938FE700981A14 /* DIYExampleViewController.m in Sources */ = {isa = PBXBuildFile; fileRef = 365ED16E23938FE700981A14 /* DIYExampleViewController.m */; };
		365ED1762393919B00981A14 /* DelegateAppearanceViewController.m in Sources */ = {isa = PBXBuildFile; fileRef = 365ED1752393919B00981A14 /* DelegateAppearanceViewController.m */; };
		365ED1792393925700981A14 /* FullScreenExampleViewController.m in Sources */ = {isa = PBXBuildFile; fileRef = 365ED1782393925700981A14 /* FullScreenExampleViewController.m */; };
		365ED17C239392FD00981A14 /* HidePlaceholderViewController.m in Sources */ = {isa = PBXBuildFile; fileRef = 365ED17B239392FD00981A14 /* HidePlaceholderViewController.m */; };
		365ED17F2393935B00981A14 /* LoadViewExampleViewController.m in Sources */ = {isa = PBXBuildFile; fileRef = 365ED17E2393935B00981A14 /* LoadViewExampleViewController.m */; };
		365ED182239393BC00981A14 /* ButtonsViewController.m in Sources */ = {isa = PBXBuildFile; fileRef = 365ED180239393BC00981A14 /* ButtonsViewController.m */; };
		366291F9239347D800DCFAAF /* Main.storyboard in Resources */ = {isa = PBXBuildFile; fileRef = 366291F7239347D800DCFAAF /* Main.storyboard */; };
		366291FB239347D900DCFAAF /* Assets.xcassets in Resources */ = {isa = PBXBuildFile; fileRef = 366291FA239347D900DCFAAF /* Assets.xcassets */; };
		366291FE239347D900DCFAAF /* LaunchScreen.storyboard in Resources */ = {isa = PBXBuildFile; fileRef = 366291FC239347D900DCFAAF /* LaunchScreen.storyboard */; };
		36629201239347D900DCFAAF /* main.m in Sources */ = {isa = PBXBuildFile; fileRef = 36629200239347D900DCFAAF /* main.m */; };
		3662920B239347D900DCFAAF /* TFY_CalendarTests.m in Sources */ = {isa = PBXBuildFile; fileRef = 3662920A239347D900DCFAAF /* TFY_CalendarTests.m */; };
		36629216239347D900DCFAAF /* TFY_CalendarUITests.m in Sources */ = {isa = PBXBuildFile; fileRef = 36629215239347D900DCFAAF /* TFY_CalendarUITests.m */; };
		3662922D2393490500DCFAAF /* ViewController.m in Sources */ = {isa = PBXBuildFile; fileRef = 366292252393490500DCFAAF /* ViewController.m */; };
		3662922E2393490500DCFAAF /* SceneDelegate.m in Sources */ = {isa = PBXBuildFile; fileRef = 366292262393490500DCFAAF /* SceneDelegate.m */; };
		3662922F2393490500DCFAAF /* AppDelegate.m in Sources */ = {isa = PBXBuildFile; fileRef = 366292272393490500DCFAAF /* AppDelegate.m */; };
		3667B1B723939B2800BEC399 /* Foundation.framework in Frameworks */ = {isa = PBXBuildFile; fileRef = 3667B1B623939B2800BEC399 /* Foundation.framework */; };
		3667B1B923939B2E00BEC399 /* UIKit.framework in Frameworks */ = {isa = PBXBuildFile; fileRef = 3667B1B823939B2E00BEC399 /* UIKit.framework */; };
		3F32418DC1CB85B2DB204635 /* libPods-TFY_CalendarTests.a in Frameworks */ = {isa = PBXBuildFile; fileRef = 36B7BA4550EC560220F84EFF /* libPods-TFY_CalendarTests.a */; };
		7FFFDC928BB3D819ECFF464A /* libPods-TFY_Calendar-TFY_CalendarUITests.a in Frameworks */ = {isa = PBXBuildFile; fileRef = 8D00618789B9CF8721340476 /* libPods-TFY_Calendar-TFY_CalendarUITests.a */; };
/* End PBXBuildFile section */

/* Begin PBXContainerItemProxy section */
		36629207239347D900DCFAAF /* PBXContainerItemProxy */ = {
			isa = PBXContainerItemProxy;
			containerPortal = 366291E3239347D800DCFAAF /* Project object */;
			proxyType = 1;
			remoteGlobalIDString = 366291EA239347D800DCFAAF;
			remoteInfo = TFY_Calendar;
		};
		36629212239347D900DCFAAF /* PBXContainerItemProxy */ = {
			isa = PBXContainerItemProxy;
			containerPortal = 366291E3239347D800DCFAAF /* Project object */;
			proxyType = 1;
			remoteGlobalIDString = 366291EA239347D800DCFAAF;
			remoteInfo = TFY_Calendar;
		};
/* End PBXContainerItemProxy section */

/* Begin PBXFileReference section */
		1BDDCEFAD8080C40D435F397 /* Pods-TFY_CalendarTests.release.xcconfig */ = {isa = PBXFileReference; includeInIndex = 1; lastKnownFileType = text.xcconfig; name = "Pods-TFY_CalendarTests.release.xcconfig"; path = "Target Support Files/Pods-TFY_CalendarTests/Pods-TFY_CalendarTests.release.xcconfig"; sourceTree = "<group>"; };
		279F2CB0F86EA9CAD5AAEAD0 /* Pods-TFY_CalendarTests.debug.xcconfig */ = {isa = PBXFileReference; includeInIndex = 1; lastKnownFileType = text.xcconfig; name = "Pods-TFY_CalendarTests.debug.xcconfig"; path = "Target Support Files/Pods-TFY_CalendarTests/Pods-TFY_CalendarTests.debug.xcconfig"; sourceTree = "<group>"; };
		361FF2E4292C5E1700502FEF /* CalendarTagController.h */ = {isa = PBXFileReference; lastKnownFileType = sourcecode.c.h; path = CalendarTagController.h; sourceTree = "<group>"; };
		361FF2E5292C5E1700502FEF /* CalendarTagController.m */ = {isa = PBXFileReference; lastKnownFileType = sourcecode.c.objc; path = CalendarTagController.m; sourceTree = "<group>"; };
		361FF2E7292C61EF00502FEF /* CalendarTagCollectionCell.h */ = {isa = PBXFileReference; lastKnownFileType = sourcecode.c.h; path = CalendarTagCollectionCell.h; sourceTree = "<group>"; };
		361FF2E8292C61EF00502FEF /* CalendarTagCollectionCell.m */ = {isa = PBXFileReference; lastKnownFileType = sourcecode.c.objc; path = CalendarTagCollectionCell.m; sourceTree = "<group>"; };
		361FF2EA292C65A700502FEF /* CalendarTagView.h */ = {isa = PBXFileReference; lastKnownFileType = sourcecode.c.h; path = CalendarTagView.h; sourceTree = "<group>"; };
		361FF2EB292C65A700502FEF /* CalendarTagView.m */ = {isa = PBXFileReference; lastKnownFileType = sourcecode.c.objc; path = CalendarTagView.m; sourceTree = "<group>"; };
		3644D56528616FC800408B2D /* ScopeExampleViewController.h */ = {isa = PBXFileReference; lastKnownFileType = sourcecode.c.h; path = ScopeExampleViewController.h; sourceTree = "<group>"; };
		3644D56628616FC800408B2D /* ScopeExampleViewController.m */ = {isa = PBXFileReference; lastKnownFileType = sourcecode.c.objc; path = ScopeExampleViewController.m; sourceTree = "<group>"; };
		3656F14925D284360030D8CF /* TFY_CalendarDynamic.h */ = {isa = PBXFileReference; fileEncoding = 4; lastKnownFileType = sourcecode.c.h; path = TFY_CalendarDynamic.h; sourceTree = "<group>"; };
		3656F18825D293E80030D8CF /* TFY_CalendarCalculator.m */ = {isa = PBXFileReference; fileEncoding = 4; lastKnownFileType = sourcecode.c.objc; path = TFY_CalendarCalculator.m; sourceTree = "<group>"; };
		3656F18925D293E80030D8CF /* TFY_Calendar.m */ = {isa = PBXFileReference; fileEncoding = 4; lastKnownFileType = sourcecode.c.objc; path = TFY_Calendar.m; sourceTree = "<group>"; };
		3656F18A25D293E80030D8CF /* TFY_CalendarDelegationFactory.h */ = {isa = PBXFileReference; fileEncoding = 4; lastKnownFileType = sourcecode.c.h; path = TFY_CalendarDelegationFactory.h; sourceTree = "<group>"; };
		3656F18B25D293E80030D8CF /* TFY_CalendarDelegationProxy.m */ = {isa = PBXFileReference; fileEncoding = 4; lastKnownFileType = sourcecode.c.objc; path = TFY_CalendarDelegationProxy.m; sourceTree = "<group>"; };
		3656F18C25D293E80030D8CF /* TFY_CalendarConstants.h */ = {isa = PBXFileReference; fileEncoding = 4; lastKnownFileType = sourcecode.c.h; path = TFY_CalendarConstants.h; sourceTree = "<group>"; };
		3656F18D25D293E80030D8CF /* TFY_CalendarHeaderView.h */ = {isa = PBXFileReference; fileEncoding = 4; lastKnownFileType = sourcecode.c.h; path = TFY_CalendarHeaderView.h; sourceTree = "<group>"; };
		3656F18E25D293E80030D8CF /* TFY_CalendarAppearance.m */ = {isa = PBXFileReference; fileEncoding = 4; lastKnownFileType = sourcecode.c.objc; path = TFY_CalendarAppearance.m; sourceTree = "<group>"; };
		3656F18F25D293E80030D8CF /* TFY_CalendarDelegationProxy.h */ = {isa = PBXFileReference; fileEncoding = 4; lastKnownFileType = sourcecode.c.h; path = TFY_CalendarDelegationProxy.h; sourceTree = "<group>"; };
		3656F19025D293E80030D8CF /* TFY_CalendarAppearance.h */ = {isa = PBXFileReference; fileEncoding = 4; lastKnownFileType = sourcecode.c.h; path = TFY_CalendarAppearance.h; sourceTree = "<group>"; };
		3656F19125D293E80030D8CF /* TFY_CalendarCell.m */ = {isa = PBXFileReference; fileEncoding = 4; lastKnownFileType = sourcecode.c.objc; path = TFY_CalendarCell.m; sourceTree = "<group>"; };
		3656F19225D293E80030D8CF /* TFY_CalendarCollectionView.m */ = {isa = PBXFileReference; fileEncoding = 4; lastKnownFileType = sourcecode.c.objc; path = TFY_CalendarCollectionView.m; sourceTree = "<group>"; };
		3656F19325D293E80030D8CF /* TFY_Calendar.h */ = {isa = PBXFileReference; fileEncoding = 4; lastKnownFileType = sourcecode.c.h; path = TFY_Calendar.h; sourceTree = "<group>"; };
		3656F19425D293E80030D8CF /* TFY_CalendarCollectionViewLayout.m */ = {isa = PBXFileReference; fileEncoding = 4; lastKnownFileType = sourcecode.c.objc; path = TFY_CalendarCollectionViewLayout.m; sourceTree = "<group>"; };
		3656F19525D293E80030D8CF /* TFY_CalendarStickyHeader.h */ = {isa = PBXFileReference; fileEncoding = 4; lastKnownFileType = sourcecode.c.h; path = TFY_CalendarStickyHeader.h; sourceTree = "<group>"; };
		3656F19625D293E80030D8CF /* TFY_CalendarTransitionCoordinator.m */ = {isa = PBXFileReference; fileEncoding = 4; lastKnownFileType = sourcecode.c.objc; path = TFY_CalendarTransitionCoordinator.m; sourceTree = "<group>"; };
		3656F19725D293E90030D8CF /* TFY_LunarFormatter.h */ = {isa = PBXFileReference; fileEncoding = 4; lastKnownFileType = sourcecode.c.h; path = TFY_LunarFormatter.h; sourceTree = "<group>"; };
		3656F19825D293E90030D8CF /* TFY_CalendarCalculator.h */ = {isa = PBXFileReference; fileEncoding = 4; lastKnownFileType = sourcecode.c.h; path = TFY_CalendarCalculator.h; sourceTree = "<group>"; };
		3656F19925D293E90030D8CF /* TFY_CalendarCell.h */ = {isa = PBXFileReference; fileEncoding = 4; lastKnownFileType = sourcecode.c.h; path = TFY_CalendarCell.h; sourceTree = "<group>"; };
		3656F19A25D293E90030D8CF /* TFY_CalendarSeparatorDecorationView.h */ = {isa = PBXFileReference; fileEncoding = 4; lastKnownFileType = sourcecode.c.h; path = TFY_CalendarSeparatorDecorationView.h; sourceTree = "<group>"; };
		3656F19B25D293E90030D8CF /* TFY_LunarFormatter.m */ = {isa = PBXFileReference; fileEncoding = 4; lastKnownFileType = sourcecode.c.objc; path = TFY_LunarFormatter.m; sourceTree = "<group>"; };
		3656F19C25D293E90030D8CF /* TFY_CalendarDelegationFactory.m */ = {isa = PBXFileReference; fileEncoding = 4; lastKnownFileType = sourcecode.c.objc; path = TFY_CalendarDelegationFactory.m; sourceTree = "<group>"; };
		3656F19D25D293E90030D8CF /* TFY_CalendarSeparatorDecorationView.m */ = {isa = PBXFileReference; fileEncoding = 4; lastKnownFileType = sourcecode.c.objc; path = TFY_CalendarSeparatorDecorationView.m; sourceTree = "<group>"; };
		3656F19E25D293E90030D8CF /* TFY_CalendarWeekdayView.m */ = {isa = PBXFileReference; fileEncoding = 4; lastKnownFileType = sourcecode.c.objc; path = TFY_CalendarWeekdayView.m; sourceTree = "<group>"; };
		3656F19F25D293E90030D8CF /* TFY_CalendarTransitionCoordinator.h */ = {isa = PBXFileReference; fileEncoding = 4; lastKnownFileType = sourcecode.c.h; path = TFY_CalendarTransitionCoordinator.h; sourceTree = "<group>"; };
		3656F1A025D293E90030D8CF /* TFY_CalendarWeekdayView.h */ = {isa = PBXFileReference; fileEncoding = 4; lastKnownFileType = sourcecode.c.h; path = TFY_CalendarWeekdayView.h; sourceTree = "<group>"; };
		3656F1A125D293E90030D8CF /* TFY_CalendarExtensions.m */ = {isa = PBXFileReference; fileEncoding = 4; lastKnownFileType = sourcecode.c.objc; path = TFY_CalendarExtensions.m; sourceTree = "<group>"; };
		3656F1A225D293E90030D8CF /* TFY_CalendarCollectionView.h */ = {isa = PBXFileReference; fileEncoding = 4; lastKnownFileType = sourcecode.c.h; path = TFY_CalendarCollectionView.h; sourceTree = "<group>"; };
		3656F1A325D293E90030D8CF /* TFY_CalendarStickyHeader.m */ = {isa = PBXFileReference; fileEncoding = 4; lastKnownFileType = sourcecode.c.objc; path = TFY_CalendarStickyHeader.m; sourceTree = "<group>"; };
		3656F1A425D293E90030D8CF /* TFY_CalendarHeaderView.m */ = {isa = PBXFileReference; fileEncoding = 4; lastKnownFileType = sourcecode.c.objc; path = TFY_CalendarHeaderView.m; sourceTree = "<group>"; };
		3656F1A525D293E90030D8CF /* TFY_CalendarConstants.m */ = {isa = PBXFileReference; fileEncoding = 4; lastKnownFileType = sourcecode.c.objc; path = TFY_CalendarConstants.m; sourceTree = "<group>"; };
		3656F1A625D293E90030D8CF /* TFY_CalendarCollectionViewLayout.h */ = {isa = PBXFileReference; fileEncoding = 4; lastKnownFileType = sourcecode.c.h; path = TFY_CalendarCollectionViewLayout.h; sourceTree = "<group>"; };
		3656F1A725D293E90030D8CF /* TFY_CalendarExtensions.h */ = {isa = PBXFileReference; fileEncoding = 4; lastKnownFileType = sourcecode.c.h; path = TFY_CalendarExtensions.h; sourceTree = "<group>"; };
		365ED16823938ED400981A14 /* RangePickerViewController.h */ = {isa = PBXFileReference; fileEncoding = 4; lastKnownFileType = sourcecode.c.h; path = RangePickerViewController.h; sourceTree = "<group>"; };
		365ED16923938ED400981A14 /* RangePickerViewController.m */ = {isa = PBXFileReference; fileEncoding = 4; lastKnownFileType = sourcecode.c.objc; path = RangePickerViewController.m; sourceTree = "<group>"; };
		365ED16A23938ED400981A14 /* RangePickerCell.m */ = {isa = PBXFileReference; fileEncoding = 4; lastKnownFileType = sourcecode.c.objc; path = RangePickerCell.m; sourceTree = "<group>"; };
		365ED16B23938ED400981A14 /* RangePickerCell.h */ = {isa = PBXFileReference; fileEncoding = 4; lastKnownFileType = sourcecode.c.h; path = RangePickerCell.h; sourceTree = "<group>"; };
		365ED16E23938FE700981A14 /* DIYExampleViewController.m */ = {isa = PBXFileReference; fileEncoding = 4; lastKnownFileType = sourcecode.c.objc; path = DIYExampleViewController.m; sourceTree = "<group>"; };
		365ED16F23938FE700981A14 /* DIYExampleViewController.h */ = {isa = PBXFileReference; fileEncoding = 4; lastKnownFileType = sourcecode.c.h; path = DIYExampleViewController.h; sourceTree = "<group>"; };
		365ED1742393919B00981A14 /* DelegateAppearanceViewController.h */ = {isa = PBXFileReference; fileEncoding = 4; lastKnownFileType = sourcecode.c.h; path = DelegateAppearanceViewController.h; sourceTree = "<group>"; };
		365ED1752393919B00981A14 /* DelegateAppearanceViewController.m */ = {isa = PBXFileReference; fileEncoding = 4; lastKnownFileType = sourcecode.c.objc; path = DelegateAppearanceViewController.m; sourceTree = "<group>"; };
		365ED1772393925700981A14 /* FullScreenExampleViewController.h */ = {isa = PBXFileReference; fileEncoding = 4; lastKnownFileType = sourcecode.c.h; path = FullScreenExampleViewController.h; sourceTree = "<group>"; };
		365ED1782393925700981A14 /* FullScreenExampleViewController.m */ = {isa = PBXFileReference; fileEncoding = 4; lastKnownFileType = sourcecode.c.objc; path = FullScreenExampleViewController.m; sourceTree = "<group>"; };
		365ED17A239392FD00981A14 /* HidePlaceholderViewController.h */ = {isa = PBXFileReference; fileEncoding = 4; lastKnownFileType = sourcecode.c.h; path = HidePlaceholderViewController.h; sourceTree = "<group>"; };
		365ED17B239392FD00981A14 /* HidePlaceholderViewController.m */ = {isa = PBXFileReference; fileEncoding = 4; lastKnownFileType = sourcecode.c.objc; path = HidePlaceholderViewController.m; sourceTree = "<group>"; };
		365ED17D2393935B00981A14 /* LoadViewExampleViewController.h */ = {isa = PBXFileReference; fileEncoding = 4; lastKnownFileType = sourcecode.c.h; path = LoadViewExampleViewController.h; sourceTree = "<group>"; };
		365ED17E2393935B00981A14 /* LoadViewExampleViewController.m */ = {isa = PBXFileReference; fileEncoding = 4; lastKnownFileType = sourcecode.c.objc; path = LoadViewExampleViewController.m; sourceTree = "<group>"; };
		365ED180239393BC00981A14 /* ButtonsViewController.m */ = {isa = PBXFileReference; fileEncoding = 4; lastKnownFileType = sourcecode.c.objc; path = ButtonsViewController.m; sourceTree = "<group>"; };
		365ED181239393BC00981A14 /* ButtonsViewController.h */ = {isa = PBXFileReference; fileEncoding = 4; lastKnownFileType = sourcecode.c.h; path = ButtonsViewController.h; sourceTree = "<group>"; };
		366291EB239347D800DCFAAF /* TFY_Calendar.app */ = {isa = PBXFileReference; explicitFileType = wrapper.application; includeInIndex = 0; path = TFY_Calendar.app; sourceTree = BUILT_PRODUCTS_DIR; };
		366291F8239347D800DCFAAF /* Base */ = {isa = PBXFileReference; lastKnownFileType = file.storyboard; name = Base; path = Base.lproj/Main.storyboard; sourceTree = "<group>"; };
		366291FA239347D900DCFAAF /* Assets.xcassets */ = {isa = PBXFileReference; lastKnownFileType = folder.assetcatalog; path = Assets.xcassets; sourceTree = "<group>"; };
		366291FD239347D900DCFAAF /* Base */ = {isa = PBXFileReference; lastKnownFileType = file.storyboard; name = Base; path = Base.lproj/LaunchScreen.storyboard; sourceTree = "<group>"; };
		366291FF239347D900DCFAAF /* Info.plist */ = {isa = PBXFileReference; lastKnownFileType = text.plist.xml; path = Info.plist; sourceTree = "<group>"; };
		36629200239347D900DCFAAF /* main.m */ = {isa = PBXFileReference; lastKnownFileType = sourcecode.c.objc; path = main.m; sourceTree = "<group>"; };
		36629206239347D900DCFAAF /* TFY_CalendarTests.xctest */ = {isa = PBXFileReference; explicitFileType = wrapper.cfbundle; includeInIndex = 0; path = TFY_CalendarTests.xctest; sourceTree = BUILT_PRODUCTS_DIR; };
		3662920A239347D900DCFAAF /* TFY_CalendarTests.m */ = {isa = PBXFileReference; lastKnownFileType = sourcecode.c.objc; path = TFY_CalendarTests.m; sourceTree = "<group>"; };
		3662920C239347D900DCFAAF /* Info.plist */ = {isa = PBXFileReference; lastKnownFileType = text.plist.xml; path = Info.plist; sourceTree = "<group>"; };
		36629211239347D900DCFAAF /* TFY_CalendarUITests.xctest */ = {isa = PBXFileReference; explicitFileType = wrapper.cfbundle; includeInIndex = 0; path = TFY_CalendarUITests.xctest; sourceTree = BUILT_PRODUCTS_DIR; };
		36629215239347D900DCFAAF /* TFY_CalendarUITests.m */ = {isa = PBXFileReference; lastKnownFileType = sourcecode.c.objc; path = TFY_CalendarUITests.m; sourceTree = "<group>"; };
		36629217239347D900DCFAAF /* Info.plist */ = {isa = PBXFileReference; lastKnownFileType = text.plist.xml; path = Info.plist; sourceTree = "<group>"; };
		366292242393490500DCFAAF /* AppDelegate.h */ = {isa = PBXFileReference; fileEncoding = 4; lastKnownFileType = sourcecode.c.h; path = AppDelegate.h; sourceTree = "<group>"; };
		366292252393490500DCFAAF /* ViewController.m */ = {isa = PBXFileReference; fileEncoding = 4; lastKnownFileType = sourcecode.c.objc; path = ViewController.m; sourceTree = "<group>"; };
		366292262393490500DCFAAF /* SceneDelegate.m */ = {isa = PBXFileReference; fileEncoding = 4; lastKnownFileType = sourcecode.c.objc; path = SceneDelegate.m; sourceTree = "<group>"; };
		366292272393490500DCFAAF /* AppDelegate.m */ = {isa = PBXFileReference; fileEncoding = 4; lastKnownFileType = sourcecode.c.objc; path = AppDelegate.m; sourceTree = "<group>"; };
		366292282393490500DCFAAF /* ViewController.h */ = {isa = PBXFileReference; fileEncoding = 4; lastKnownFileType = sourcecode.c.h; path = ViewController.h; sourceTree = "<group>"; };
		366292292393490500DCFAAF /* SceneDelegate.h */ = {isa = PBXFileReference; fileEncoding = 4; lastKnownFileType = sourcecode.c.h; path = SceneDelegate.h; sourceTree = "<group>"; };
		366292302393492000DCFAAF /* Calendar_PrefixHeader.pch */ = {isa = PBXFileReference; lastKnownFileType = sourcecode.c.h; path = Calendar_PrefixHeader.pch; sourceTree = "<group>"; };
		3663940A25D38BE300FA603F /* TFY_CalendarProtocol.h */ = {isa = PBXFileReference; lastKnownFileType = sourcecode.c.h; path = TFY_CalendarProtocol.h; sourceTree = "<group>"; };
		3667B1B623939B2800BEC399 /* Foundation.framework */ = {isa = PBXFileReference; lastKnownFileType = wrapper.framework; name = Foundation.framework; path = System/Library/Frameworks/Foundation.framework; sourceTree = SDKROOT; };
		3667B1B823939B2E00BEC399 /* UIKit.framework */ = {isa = PBXFileReference; lastKnownFileType = wrapper.framework; name = UIKit.framework; path = System/Library/Frameworks/UIKit.framework; sourceTree = SDKROOT; };
		36B7BA4550EC560220F84EFF /* libPods-TFY_CalendarTests.a */ = {isa = PBXFileReference; explicitFileType = archive.ar; includeInIndex = 0; path = "libPods-TFY_CalendarTests.a"; sourceTree = BUILT_PRODUCTS_DIR; };
		36EE10FA250A0F5C00D24B3C /* TFY_CalendarKiit.h */ = {isa = PBXFileReference; lastKnownFileType = sourcecode.c.h; path = TFY_CalendarKiit.h; sourceTree = "<group>"; };
		8AFD79197C113FB1935BA2E0 /* Pods-TFY_Calendar-TFY_CalendarUITests.debug.xcconfig */ = {isa = PBXFileReference; includeInIndex = 1; lastKnownFileType = text.xcconfig; name = "Pods-TFY_Calendar-TFY_CalendarUITests.debug.xcconfig"; path = "Target Support Files/Pods-TFY_Calendar-TFY_CalendarUITests/Pods-TFY_Calendar-TFY_CalendarUITests.debug.xcconfig"; sourceTree = "<group>"; };
		8D00618789B9CF8721340476 /* libPods-TFY_Calendar-TFY_CalendarUITests.a */ = {isa = PBXFileReference; explicitFileType = archive.ar; includeInIndex = 0; path = "libPods-TFY_Calendar-TFY_CalendarUITests.a"; sourceTree = BUILT_PRODUCTS_DIR; };
		BDF412A9757D98F643976128 /* Pods-TFY_Calendar.debug.xcconfig */ = {isa = PBXFileReference; includeInIndex = 1; lastKnownFileType = text.xcconfig; name = "Pods-TFY_Calendar.debug.xcconfig"; path = "Target Support Files/Pods-TFY_Calendar/Pods-TFY_Calendar.debug.xcconfig"; sourceTree = "<group>"; };
		CF27E784B39C871C3EBDD10F /* libPods-TFY_Calendar.a */ = {isa = PBXFileReference; explicitFileType = archive.ar; includeInIndex = 0; path = "libPods-TFY_Calendar.a"; sourceTree = BUILT_PRODUCTS_DIR; };
		E539B16C342B3840185DD461 /* Pods-TFY_Calendar.release.xcconfig */ = {isa = PBXFileReference; includeInIndex = 1; lastKnownFileType = text.xcconfig; name = "Pods-TFY_Calendar.release.xcconfig"; path = "Target Support Files/Pods-TFY_Calendar/Pods-TFY_Calendar.release.xcconfig"; sourceTree = "<group>"; };
		FC89AFF318F89BAD994ED9D9 /* Pods-TFY_Calendar-TFY_CalendarUITests.release.xcconfig */ = {isa = PBXFileReference; includeInIndex = 1; lastKnownFileType = text.xcconfig; name = "Pods-TFY_Calendar-TFY_CalendarUITests.release.xcconfig"; path = "Target Support Files/Pods-TFY_Calendar-TFY_CalendarUITests/Pods-TFY_Calendar-TFY_CalendarUITests.release.xcconfig"; sourceTree = "<group>"; };
/* End PBXFileReference section */

/* Begin PBXFrameworksBuildPhase section */
		366291E8239347D800DCFAAF /* Frameworks */ = {
			isa = PBXFrameworksBuildPhase;
			buildActionMask = 2147483647;
			files = (
				3667B1B723939B2800BEC399 /* Foundation.framework in Frameworks */,
				3667B1B923939B2E00BEC399 /* UIKit.framework in Frameworks */,
				1D0E4C093EA85EEDB9DA5AE1 /* libPods-TFY_Calendar.a in Frameworks */,
			);
			runOnlyForDeploymentPostprocessing = 0;
		};
		36629203239347D900DCFAAF /* Frameworks */ = {
			isa = PBXFrameworksBuildPhase;
			buildActionMask = 2147483647;
			files = (
				3F32418DC1CB85B2DB204635 /* libPods-TFY_CalendarTests.a in Frameworks */,
			);
			runOnlyForDeploymentPostprocessing = 0;
		};
		3662920E239347D900DCFAAF /* Frameworks */ = {
			isa = PBXFrameworksBuildPhase;
			buildActionMask = 2147483647;
			files = (
				7FFFDC928BB3D819ECFF464A /* libPods-TFY_Calendar-TFY_CalendarUITests.a in Frameworks */,
			);
			runOnlyForDeploymentPostprocessing = 0;
		};
/* End PBXFrameworksBuildPhase section */

/* Begin PBXGroup section */
		361FF2E3292C5DF500502FEF /* CalendarTag */ = {
			isa = PBXGroup;
			children = (
				361FF2E4292C5E1700502FEF /* CalendarTagController.h */,
				361FF2E5292C5E1700502FEF /* CalendarTagController.m */,
				361FF2E7292C61EF00502FEF /* CalendarTagCollectionCell.h */,
				361FF2E8292C61EF00502FEF /* CalendarTagCollectionCell.m */,
				361FF2EA292C65A700502FEF /* CalendarTagView.h */,
				361FF2EB292C65A700502FEF /* CalendarTagView.m */,
			);
			path = CalendarTag;
			sourceTree = "<group>";
		};
		3644D56428616F9C00408B2D /* ScopeExample */ = {
			isa = PBXGroup;
			children = (
				3644D56528616FC800408B2D /* ScopeExampleViewController.h */,
				3644D56628616FC800408B2D /* ScopeExampleViewController.m */,
			);
			path = ScopeExample;
			sourceTree = "<group>";
		};
		365ED16123938E4B00981A14 /* PrevNextButtons */ = {
			isa = PBXGroup;
			children = (
				365ED181239393BC00981A14 /* ButtonsViewController.h */,
				365ED180239393BC00981A14 /* ButtonsViewController.m */,
			);
			path = PrevNextButtons;
			sourceTree = "<group>";
		};
		365ED16223938E4B00981A14 /* LoadViewExample */ = {
			isa = PBXGroup;
			children = (
				365ED17D2393935B00981A14 /* LoadViewExampleViewController.h */,
				365ED17E2393935B00981A14 /* LoadViewExampleViewController.m */,
			);
			path = LoadViewExample;
			sourceTree = "<group>";
		};
		365ED16323938E4B00981A14 /* DIY */ = {
			isa = PBXGroup;
			children = (
				365ED16F23938FE700981A14 /* DIYExampleViewController.h */,
				365ED16E23938FE700981A14 /* DIYExampleViewController.m */,
			);
			path = DIY;
			sourceTree = "<group>";
		};
		365ED16423938E4B00981A14 /* DelegateAppearance */ = {
			isa = PBXGroup;
			children = (
				365ED1742393919B00981A14 /* DelegateAppearanceViewController.h */,
				365ED1752393919B00981A14 /* DelegateAppearanceViewController.m */,
			);
			path = DelegateAppearance;
			sourceTree = "<group>";
		};
		365ED16523938E4B00981A14 /* RangePicker */ = {
			isa = PBXGroup;
			children = (
				365ED16B23938ED400981A14 /* RangePickerCell.h */,
				365ED16A23938ED400981A14 /* RangePickerCell.m */,
				365ED16823938ED400981A14 /* RangePickerViewController.h */,
				365ED16923938ED400981A14 /* RangePickerViewController.m */,
			);
			path = RangePicker;
			sourceTree = "<group>";
		};
		365ED16623938E4B00981A14 /* HidePlaceholders */ = {
			isa = PBXGroup;
			children = (
				365ED17A239392FD00981A14 /* HidePlaceholderViewController.h */,
				365ED17B239392FD00981A14 /* HidePlaceholderViewController.m */,
			);
			path = HidePlaceholders;
			sourceTree = "<group>";
		};
		365ED16723938E4B00981A14 /* FullscreenExample */ = {
			isa = PBXGroup;
			children = (
				365ED1772393925700981A14 /* FullScreenExampleViewController.h */,
				365ED1782393925700981A14 /* FullScreenExampleViewController.m */,
			);
			path = FullscreenExample;
			sourceTree = "<group>";
		};
		366291E2239347D800DCFAAF = {
			isa = PBXGroup;
			children = (
				366291ED239347D800DCFAAF /* TFY_Calendar */,
				36629209239347D900DCFAAF /* TFY_CalendarTests */,
				36629214239347D900DCFAAF /* TFY_CalendarUITests */,
				366291EC239347D800DCFAAF /* Products */,
				3667B1B523939B2800BEC399 /* Frameworks */,
				7CD387446909A49DEA7BF27C /* Pods */,
			);
			sourceTree = "<group>";
		};
		366291EC239347D800DCFAAF /* Products */ = {
			isa = PBXGroup;
			children = (
				366291EB239347D800DCFAAF /* TFY_Calendar.app */,
				36629206239347D900DCFAAF /* TFY_CalendarTests.xctest */,
				36629211239347D900DCFAAF /* TFY_CalendarUITests.xctest */,
			);
			name = Products;
			sourceTree = "<group>";
		};
		366291ED239347D800DCFAAF /* TFY_Calendar */ = {
			isa = PBXGroup;
			children = (
				366292232393490500DCFAAF /* AppDelegate */,
				3662922C2393490500DCFAAF /* Class */,
				3662922A2393490500DCFAAF /* PCH */,
				3662922B2393490500DCFAAF /* TFY_CalendarKiit */,
				366291F7239347D800DCFAAF /* Main.storyboard */,
				366291FA239347D900DCFAAF /* Assets.xcassets */,
				366291FC239347D900DCFAAF /* LaunchScreen.storyboard */,
				366291FF239347D900DCFAAF /* Info.plist */,
				36629200239347D900DCFAAF /* main.m */,
			);
			path = TFY_Calendar;
			sourceTree = "<group>";
		};
		36629209239347D900DCFAAF /* TFY_CalendarTests */ = {
			isa = PBXGroup;
			children = (
				3662920A239347D900DCFAAF /* TFY_CalendarTests.m */,
				3662920C239347D900DCFAAF /* Info.plist */,
			);
			path = TFY_CalendarTests;
			sourceTree = "<group>";
		};
		36629214239347D900DCFAAF /* TFY_CalendarUITests */ = {
			isa = PBXGroup;
			children = (
				36629215239347D900DCFAAF /* TFY_CalendarUITests.m */,
				36629217239347D900DCFAAF /* Info.plist */,
			);
			path = TFY_CalendarUITests;
			sourceTree = "<group>";
		};
		366292232393490500DCFAAF /* AppDelegate */ = {
			isa = PBXGroup;
			children = (
				366292242393490500DCFAAF /* AppDelegate.h */,
				366292272393490500DCFAAF /* AppDelegate.m */,
				366292292393490500DCFAAF /* SceneDelegate.h */,
				366292262393490500DCFAAF /* SceneDelegate.m */,
				366292282393490500DCFAAF /* ViewController.h */,
				366292252393490500DCFAAF /* ViewController.m */,
			);
			path = AppDelegate;
			sourceTree = "<group>";
		};
		3662922A2393490500DCFAAF /* PCH */ = {
			isa = PBXGroup;
			children = (
				366292302393492000DCFAAF /* Calendar_PrefixHeader.pch */,
			);
			path = PCH;
			sourceTree = "<group>";
		};
		3662922B2393490500DCFAAF /* TFY_CalendarKiit */ = {
			isa = PBXGroup;
			children = (
				3656F19325D293E80030D8CF /* TFY_Calendar.h */,
				3656F18925D293E80030D8CF /* TFY_Calendar.m */,
				3656F19025D293E80030D8CF /* TFY_CalendarAppearance.h */,
				3656F18E25D293E80030D8CF /* TFY_CalendarAppearance.m */,
				3656F19825D293E90030D8CF /* TFY_CalendarCalculator.h */,
				3656F18825D293E80030D8CF /* TFY_CalendarCalculator.m */,
				3656F19925D293E90030D8CF /* TFY_CalendarCell.h */,
				3656F19125D293E80030D8CF /* TFY_CalendarCell.m */,
				3656F1A225D293E90030D8CF /* TFY_CalendarCollectionView.h */,
				3656F19225D293E80030D8CF /* TFY_CalendarCollectionView.m */,
				3656F1A625D293E90030D8CF /* TFY_CalendarCollectionViewLayout.h */,
				3656F19425D293E80030D8CF /* TFY_CalendarCollectionViewLayout.m */,
				3656F18C25D293E80030D8CF /* TFY_CalendarConstants.h */,
				3656F1A525D293E90030D8CF /* TFY_CalendarConstants.m */,
				3656F18A25D293E80030D8CF /* TFY_CalendarDelegationFactory.h */,
				3656F19C25D293E90030D8CF /* TFY_CalendarDelegationFactory.m */,
				3656F18F25D293E80030D8CF /* TFY_CalendarDelegationProxy.h */,
				3656F18B25D293E80030D8CF /* TFY_CalendarDelegationProxy.m */,
				3656F14925D284360030D8CF /* TFY_CalendarDynamic.h */,
				3656F1A725D293E90030D8CF /* TFY_CalendarExtensions.h */,
				3656F1A125D293E90030D8CF /* TFY_CalendarExtensions.m */,
				3656F18D25D293E80030D8CF /* TFY_CalendarHeaderView.h */,
				3656F1A425D293E90030D8CF /* TFY_CalendarHeaderView.m */,
				36EE10FA250A0F5C00D24B3C /* TFY_CalendarKiit.h */,
				3663940A25D38BE300FA603F /* TFY_CalendarProtocol.h */,
				3656F19A25D293E90030D8CF /* TFY_CalendarSeparatorDecorationView.h */,
				3656F19D25D293E90030D8CF /* TFY_CalendarSeparatorDecorationView.m */,
				3656F19525D293E80030D8CF /* TFY_CalendarStickyHeader.h */,
				3656F1A325D293E90030D8CF /* TFY_CalendarStickyHeader.m */,
				3656F19F25D293E90030D8CF /* TFY_CalendarTransitionCoordinator.h */,
				3656F19625D293E80030D8CF /* TFY_CalendarTransitionCoordinator.m */,
				3656F1A025D293E90030D8CF /* TFY_CalendarWeekdayView.h */,
				3656F19E25D293E90030D8CF /* TFY_CalendarWeekdayView.m */,
				3656F19725D293E90030D8CF /* TFY_LunarFormatter.h */,
				3656F19B25D293E90030D8CF /* TFY_LunarFormatter.m */,
			);
			path = TFY_CalendarKiit;
			sourceTree = "<group>";
		};
		3662922C2393490500DCFAAF /* Class */ = {
			isa = PBXGroup;
			children = (
				361FF2E3292C5DF500502FEF /* CalendarTag */,
				3644D56428616F9C00408B2D /* ScopeExample */,
				365ED16423938E4B00981A14 /* DelegateAppearance */,
				365ED16323938E4B00981A14 /* DIY */,
				365ED16723938E4B00981A14 /* FullscreenExample */,
				365ED16623938E4B00981A14 /* HidePlaceholders */,
				365ED16223938E4B00981A14 /* LoadViewExample */,
				365ED16123938E4B00981A14 /* PrevNextButtons */,
				365ED16523938E4B00981A14 /* RangePicker */,
			);
			path = Class;
			sourceTree = "<group>";
		};
		3667B1B523939B2800BEC399 /* Frameworks */ = {
			isa = PBXGroup;
			children = (
				3667B1B823939B2E00BEC399 /* UIKit.framework */,
				3667B1B623939B2800BEC399 /* Foundation.framework */,
				CF27E784B39C871C3EBDD10F /* libPods-TFY_Calendar.a */,
				8D00618789B9CF8721340476 /* libPods-TFY_Calendar-TFY_CalendarUITests.a */,
				36B7BA4550EC560220F84EFF /* libPods-TFY_CalendarTests.a */,
			);
			name = Frameworks;
			sourceTree = "<group>";
		};
		7CD387446909A49DEA7BF27C /* Pods */ = {
			isa = PBXGroup;
			children = (
				BDF412A9757D98F643976128 /* Pods-TFY_Calendar.debug.xcconfig */,
				E539B16C342B3840185DD461 /* Pods-TFY_Calendar.release.xcconfig */,
				8AFD79197C113FB1935BA2E0 /* Pods-TFY_Calendar-TFY_CalendarUITests.debug.xcconfig */,
				FC89AFF318F89BAD994ED9D9 /* Pods-TFY_Calendar-TFY_CalendarUITests.release.xcconfig */,
				279F2CB0F86EA9CAD5AAEAD0 /* Pods-TFY_CalendarTests.debug.xcconfig */,
				1BDDCEFAD8080C40D435F397 /* Pods-TFY_CalendarTests.release.xcconfig */,
			);
			path = Pods;
			sourceTree = "<group>";
		};
/* End PBXGroup section */

/* Begin PBXNativeTarget section */
		366291EA239347D800DCFAAF /* TFY_Calendar */ = {
			isa = PBXNativeTarget;
			buildConfigurationList = 3662921A239347D900DCFAAF /* Build configuration list for PBXNativeTarget "TFY_Calendar" */;
			buildPhases = (
				1EE6ABAA724657EC2585785E /* [CP] Check Pods Manifest.lock */,
				366291E7239347D800DCFAAF /* Sources */,
				366291E8239347D800DCFAAF /* Frameworks */,
				366291E9239347D800DCFAAF /* Resources */,
				5C8EED4A86CD80EB781F5B74 /* [CP] Copy Pods Resources */,
			);
			buildRules = (
			);
			dependencies = (
			);
			name = TFY_Calendar;
			productName = TFY_Calendar;
			productReference = 366291EB239347D800DCFAAF /* TFY_Calendar.app */;
			productType = "com.apple.product-type.application";
		};
		36629205239347D900DCFAAF /* TFY_CalendarTests */ = {
			isa = PBXNativeTarget;
			buildConfigurationList = 3662921D239347D900DCFAAF /* Build configuration list for PBXNativeTarget "TFY_CalendarTests" */;
			buildPhases = (
				E95439ADA180805FF27E3799 /* [CP] Check Pods Manifest.lock */,
				36629202239347D900DCFAAF /* Sources */,
				36629203239347D900DCFAAF /* Frameworks */,
				36629204239347D900DCFAAF /* Resources */,
			);
			buildRules = (
			);
			dependencies = (
				36629208239347D900DCFAAF /* PBXTargetDependency */,
			);
			name = TFY_CalendarTests;
			productName = TFY_CalendarTests;
			productReference = 36629206239347D900DCFAAF /* TFY_CalendarTests.xctest */;
			productType = "com.apple.product-type.bundle.unit-test";
		};
		36629210239347D900DCFAAF /* TFY_CalendarUITests */ = {
			isa = PBXNativeTarget;
			buildConfigurationList = 36629220239347D900DCFAAF /* Build configuration list for PBXNativeTarget "TFY_CalendarUITests" */;
			buildPhases = (
				6C1CFF6D6846E10D429FC946 /* [CP] Check Pods Manifest.lock */,
				3662920D239347D900DCFAAF /* Sources */,
				3662920E239347D900DCFAAF /* Frameworks */,
				3662920F239347D900DCFAAF /* Resources */,
				74E3828E9CC78495B7F0E1F5 /* [CP] Copy Pods Resources */,
			);
			buildRules = (
			);
			dependencies = (
				36629213239347D900DCFAAF /* PBXTargetDependency */,
			);
			name = TFY_CalendarUITests;
			productName = TFY_CalendarUITests;
			productReference = 36629211239347D900DCFAAF /* TFY_CalendarUITests.xctest */;
			productType = "com.apple.product-type.bundle.ui-testing";
		};
/* End PBXNativeTarget section */

/* Begin PBXProject section */
		366291E3239347D800DCFAAF /* Project object */ = {
			isa = PBXProject;
			attributes = {
				BuildIndependentTargetsInParallel = YES;
				LastUpgradeCheck = 1640;
				ORGANIZATIONNAME = "田风有";
				TargetAttributes = {
					366291EA239347D800DCFAAF = {
						CreatedOnToolsVersion = 11.2;
					};
					36629205239347D900DCFAAF = {
						CreatedOnToolsVersion = 11.2;
						TestTargetID = 366291EA239347D800DCFAAF;
					};
					36629210239347D900DCFAAF = {
						CreatedOnToolsVersion = 11.2;
						TestTargetID = 366291EA239347D800DCFAAF;
					};
				};
			};
			buildConfigurationList = 366291E6239347D800DCFAAF /* Build configuration list for PBXProject "TFY_Calendar" */;
			compatibilityVersion = "Xcode 9.3";
			developmentRegion = en;
			hasScannedForEncodings = 0;
			knownRegions = (
				en,
				Base,
			);
			mainGroup = 366291E2239347D800DCFAAF;
			productRefGroup = 366291EC239347D800DCFAAF /* Products */;
			projectDirPath = "";
			projectRoot = "";
			targets = (
				366291EA239347D800DCFAAF /* TFY_Calendar */,
				36629205239347D900DCFAAF /* TFY_CalendarTests */,
				36629210239347D900DCFAAF /* TFY_CalendarUITests */,
			);
		};
/* End PBXProject section */

/* Begin PBXResourcesBuildPhase section */
		366291E9239347D800DCFAAF /* Resources */ = {
			isa = PBXResourcesBuildPhase;
			buildActionMask = 2147483647;
			files = (
				366291FE239347D900DCFAAF /* LaunchScreen.storyboard in Resources */,
				366291FB239347D900DCFAAF /* Assets.xcassets in Resources */,
				366291F9239347D800DCFAAF /* Main.storyboard in Resources */,
			);
			runOnlyForDeploymentPostprocessing = 0;
		};
		36629204239347D900DCFAAF /* Resources */ = {
			isa = PBXResourcesBuildPhase;
			buildActionMask = 2147483647;
			files = (
			);
			runOnlyForDeploymentPostprocessing = 0;
		};
		3662920F239347D900DCFAAF /* Resources */ = {
			isa = PBXResourcesBuildPhase;
			buildActionMask = 2147483647;
			files = (
			);
			runOnlyForDeploymentPostprocessing = 0;
		};
/* End PBXResourcesBuildPhase section */

/* Begin PBXShellScriptBuildPhase section */
		1EE6ABAA724657EC2585785E /* [CP] Check Pods Manifest.lock */ = {
			isa = PBXShellScriptBuildPhase;
			buildActionMask = 2147483647;
			files = (
			);
			inputFileListPaths = (
			);
			inputPaths = (
				"${PODS_PODFILE_DIR_PATH}/Podfile.lock",
				"${PODS_ROOT}/Manifest.lock",
			);
			name = "[CP] Check Pods Manifest.lock";
			outputFileListPaths = (
			);
			outputPaths = (
				"$(DERIVED_FILE_DIR)/Pods-TFY_Calendar-checkManifestLockResult.txt",
			);
			runOnlyForDeploymentPostprocessing = 0;
			shellPath = /bin/sh;
			shellScript = "diff \"${PODS_PODFILE_DIR_PATH}/Podfile.lock\" \"${PODS_ROOT}/Manifest.lock\" > /dev/null\nif [ $? != 0 ] ; then\n    # print error to STDERR\n    echo \"error: The sandbox is not in sync with the Podfile.lock. Run 'pod install' or update your CocoaPods installation.\" >&2\n    exit 1\nfi\n# This output is used by Xcode 'outputs' to avoid re-running this script phase.\necho \"SUCCESS\" > \"${SCRIPT_OUTPUT_FILE_0}\"\n";
			showEnvVarsInLog = 0;
		};
		5C8EED4A86CD80EB781F5B74 /* [CP] Copy Pods Resources */ = {
			isa = PBXShellScriptBuildPhase;
			buildActionMask = 2147483647;
			files = (
			);
			inputFileListPaths = (
			);
			inputPaths = (
			);
			name = "[CP] Copy Pods Resources";
			outputFileListPaths = (
			);
			outputPaths = (
			);
			runOnlyForDeploymentPostprocessing = 0;
			shellPath = /bin/sh;
			shellScript = "\"${PODS_ROOT}/Target Support Files/Pods-TFY_Calendar/Pods-TFY_Calendar-resources.sh\"\n";
			showEnvVarsInLog = 0;
		};
		6C1CFF6D6846E10D429FC946 /* [CP] Check Pods Manifest.lock */ = {
			isa = PBXShellScriptBuildPhase;
			buildActionMask = 2147483647;
			files = (
			);
			inputFileListPaths = (
			);
			inputPaths = (
				"${PODS_PODFILE_DIR_PATH}/Podfile.lock",
				"${PODS_ROOT}/Manifest.lock",
			);
			name = "[CP] Check Pods Manifest.lock";
			outputFileListPaths = (
			);
			outputPaths = (
				"$(DERIVED_FILE_DIR)/Pods-TFY_Calendar-TFY_CalendarUITests-checkManifestLockResult.txt",
			);
			runOnlyForDeploymentPostprocessing = 0;
			shellPath = /bin/sh;
			shellScript = "diff \"${PODS_PODFILE_DIR_PATH}/Podfile.lock\" \"${PODS_ROOT}/Manifest.lock\" > /dev/null\nif [ $? != 0 ] ; then\n    # print error to STDERR\n    echo \"error: The sandbox is not in sync with the Podfile.lock. Run 'pod install' or update your CocoaPods installation.\" >&2\n    exit 1\nfi\n# This output is used by Xcode 'outputs' to avoid re-running this script phase.\necho \"SUCCESS\" > \"${SCRIPT_OUTPUT_FILE_0}\"\n";
			showEnvVarsInLog = 0;
		};
		74E3828E9CC78495B7F0E1F5 /* [CP] Copy Pods Resources */ = {
			isa = PBXShellScriptBuildPhase;
			buildActionMask = 2147483647;
			files = (
			);
			inputFileListPaths = (
			);
			inputPaths = (
			);
			name = "[CP] Copy Pods Resources";
			outputFileListPaths = (
			);
			outputPaths = (
			);
			runOnlyForDeploymentPostprocessing = 0;
			shellPath = /bin/sh;
			shellScript = "\"${PODS_ROOT}/Target Support Files/Pods-TFY_Calendar-TFY_CalendarUITests/Pods-TFY_Calendar-TFY_CalendarUITests-resources.sh\"\n";
			showEnvVarsInLog = 0;
		};
		E95439ADA180805FF27E3799 /* [CP] Check Pods Manifest.lock */ = {
			isa = PBXShellScriptBuildPhase;
			buildActionMask = 2147483647;
			files = (
			);
			inputFileListPaths = (
			);
			inputPaths = (
				"${PODS_PODFILE_DIR_PATH}/Podfile.lock",
				"${PODS_ROOT}/Manifest.lock",
			);
			name = "[CP] Check Pods Manifest.lock";
			outputFileListPaths = (
			);
			outputPaths = (
				"$(DERIVED_FILE_DIR)/Pods-TFY_CalendarTests-checkManifestLockResult.txt",
			);
			runOnlyForDeploymentPostprocessing = 0;
			shellPath = /bin/sh;
			shellScript = "diff \"${PODS_PODFILE_DIR_PATH}/Podfile.lock\" \"${PODS_ROOT}/Manifest.lock\" > /dev/null\nif [ $? != 0 ] ; then\n    # print error to STDERR\n    echo \"error: The sandbox is not in sync with the Podfile.lock. Run 'pod install' or update your CocoaPods installation.\" >&2\n    exit 1\nfi\n# This output is used by Xcode 'outputs' to avoid re-running this script phase.\necho \"SUCCESS\" > \"${SCRIPT_OUTPUT_FILE_0}\"\n";
			showEnvVarsInLog = 0;
		};
/* End PBXShellScriptBuildPhase section */

/* Begin PBXSourcesBuildPhase section */
		366291E7239347D800DCFAAF /* Sources */ = {
			isa = PBXSourcesBuildPhase;
			buildActionMask = 2147483647;
			files = (
				365ED16D23938ED400981A14 /* RangePickerCell.m in Sources */,
				365ED1792393925700981A14 /* FullScreenExampleViewController.m in Sources */,
				3656F1AE25D293E90030D8CF /* TFY_CalendarCollectionViewLayout.m in Sources */,
				3656F1AA25D293E90030D8CF /* TFY_CalendarDelegationProxy.m in Sources */,
				3662922F2393490500DCFAAF /* AppDelegate.m in Sources */,
				365ED17F2393935B00981A14 /* LoadViewExampleViewController.m in Sources */,
				361FF2E6292C5E1700502FEF /* CalendarTagController.m in Sources */,
				365ED16C23938ED400981A14 /* RangePickerViewController.m in Sources */,
				3656F1B325D293E90030D8CF /* TFY_CalendarWeekdayView.m in Sources */,
				3662922D2393490500DCFAAF /* ViewController.m in Sources */,
				3656F1A925D293E90030D8CF /* TFY_Calendar.m in Sources */,
				365ED182239393BC00981A14 /* ButtonsViewController.m in Sources */,
				365ED17C239392FD00981A14 /* HidePlaceholderViewController.m in Sources */,
				365ED1762393919B00981A14 /* DelegateAppearanceViewController.m in Sources */,
				3656F1B425D293E90030D8CF /* TFY_CalendarExtensions.m in Sources */,
				3644D56728616FC800408B2D /* ScopeExampleViewController.m in Sources */,
				365ED17223938FE700981A14 /* DIYExampleViewController.m in Sources */,
				3662922E2393490500DCFAAF /* SceneDelegate.m in Sources */,
				3656F1AF25D293E90030D8CF /* TFY_CalendarTransitionCoordinator.m in Sources */,
				3656F1A825D293E90030D8CF /* TFY_CalendarCalculator.m in Sources */,
				3656F1B225D293E90030D8CF /* TFY_CalendarSeparatorDecorationView.m in Sources */,
				3656F1AB25D293E90030D8CF /* TFY_CalendarAppearance.m in Sources */,
				3656F1B725D293E90030D8CF /* TFY_CalendarConstants.m in Sources */,
				3656F1AC25D293E90030D8CF /* TFY_CalendarCell.m in Sources */,
				3656F1AD25D293E90030D8CF /* TFY_CalendarCollectionView.m in Sources */,
				3656F1B625D293E90030D8CF /* TFY_CalendarHeaderView.m in Sources */,
				36629201239347D900DCFAAF /* main.m in Sources */,
				361FF2E9292C61EF00502FEF /* CalendarTagCollectionCell.m in Sources */,
				3656F1B525D293E90030D8CF /* TFY_CalendarStickyHeader.m in Sources */,
				361FF2EC292C65A700502FEF /* CalendarTagView.m in Sources */,
				3656F1B025D293E90030D8CF /* TFY_LunarFormatter.m in Sources */,
				3656F1B125D293E90030D8CF /* TFY_CalendarDelegationFactory.m in Sources */,
			);
			runOnlyForDeploymentPostprocessing = 0;
		};
		36629202239347D900DCFAAF /* Sources */ = {
			isa = PBXSourcesBuildPhase;
			buildActionMask = 2147483647;
			files = (
				3662920B239347D900DCFAAF /* TFY_CalendarTests.m in Sources */,
			);
			runOnlyForDeploymentPostprocessing = 0;
		};
		3662920D239347D900DCFAAF /* Sources */ = {
			isa = PBXSourcesBuildPhase;
			buildActionMask = 2147483647;
			files = (
				36629216239347D900DCFAAF /* TFY_CalendarUITests.m in Sources */,
			);
			runOnlyForDeploymentPostprocessing = 0;
		};
/* End PBXSourcesBuildPhase section */

/* Begin PBXTargetDependency section */
		36629208239347D900DCFAAF /* PBXTargetDependency */ = {
			isa = PBXTargetDependency;
			target = 366291EA239347D800DCFAAF /* TFY_Calendar */;
			targetProxy = 36629207239347D900DCFAAF /* PBXContainerItemProxy */;
		};
		36629213239347D900DCFAAF /* PBXTargetDependency */ = {
			isa = PBXTargetDependency;
			target = 366291EA239347D800DCFAAF /* TFY_Calendar */;
			targetProxy = 36629212239347D900DCFAAF /* PBXContainerItemProxy */;
		};
/* End PBXTargetDependency section */

/* Begin PBXVariantGroup section */
		366291F7239347D800DCFAAF /* Main.storyboard */ = {
			isa = PBXVariantGroup;
			children = (
				366291F8239347D800DCFAAF /* Base */,
			);
			name = Main.storyboard;
			sourceTree = "<group>";
		};
		366291FC239347D900DCFAAF /* LaunchScreen.storyboard */ = {
			isa = PBXVariantGroup;
			children = (
				366291FD239347D900DCFAAF /* Base */,
			);
			name = LaunchScreen.storyboard;
			sourceTree = "<group>";
		};
/* End PBXVariantGroup section */

/* Begin XCBuildConfiguration section */
		36629218239347D900DCFAAF /* Debug */ = {
			isa = XCBuildConfiguration;
			buildSettings = {
				ALWAYS_SEARCH_USER_PATHS = NO;
				ASSETCATALOG_COMPILER_GENERATE_SWIFT_ASSET_SYMBOL_EXTENSIONS = YES;
				CLANG_ANALYZER_NONNULL = YES;
				CLANG_ANALYZER_NUMBER_OBJECT_CONVERSION = YES_AGGRESSIVE;
				CLANG_CXX_LANGUAGE_STANDARD = "gnu++14";
				CLANG_CXX_LIBRARY = "libc++";
				CLANG_ENABLE_MODULES = YES;
				CLANG_ENABLE_OBJC_ARC = YES;
				CLANG_ENABLE_OBJC_WEAK = YES;
				CLANG_WARN_BLOCK_CAPTURE_AUTORELEASING = YES;
				CLANG_WARN_BOOL_CONVERSION = YES;
				CLANG_WARN_COMMA = YES;
				CLANG_WARN_CONSTANT_CONVERSION = YES;
				CLANG_WARN_DEPRECATED_OBJC_IMPLEMENTATIONS = YES;
				CLANG_WARN_DIRECT_OBJC_ISA_USAGE = YES_ERROR;
				CLANG_WARN_DOCUMENTATION_COMMENTS = YES;
				CLANG_WARN_EMPTY_BODY = YES;
				CLANG_WARN_ENUM_CONVERSION = YES;
				CLANG_WARN_INFINITE_RECURSION = YES;
				CLANG_WARN_INT_CONVERSION = YES;
				CLANG_WARN_NON_LITERAL_NULL_CONVERSION = YES;
				CLANG_WARN_OBJC_IMPLICIT_RETAIN_SELF = YES;
				CLANG_WARN_OBJC_LITERAL_CONVERSION = YES;
				CLANG_WARN_OBJC_ROOT_CLASS = YES_ERROR;
				CLANG_WARN_QUOTED_INCLUDE_IN_FRAMEWORK_HEADER = YES;
				CLANG_WARN_RANGE_LOOP_ANALYSIS = YES;
				CLANG_WARN_STRICT_PROTOTYPES = YES;
				CLANG_WARN_SUSPICIOUS_MOVE = YES;
				CLANG_WARN_UNGUARDED_AVAILABILITY = YES_AGGRESSIVE;
				CLANG_WARN_UNREACHABLE_CODE = YES;
				CLANG_WARN__DUPLICATE_METHOD_MATCH = YES;
				COPY_PHASE_STRIP = NO;
				DEBUG_INFORMATION_FORMAT = dwarf;
				ENABLE_STRICT_OBJC_MSGSEND = YES;
				ENABLE_TESTABILITY = YES;
				ENABLE_USER_SCRIPT_SANDBOXING = YES;
				GCC_C_LANGUAGE_STANDARD = gnu11;
				GCC_DYNAMIC_NO_PIC = NO;
				GCC_NO_COMMON_BLOCKS = YES;
				GCC_OPTIMIZATION_LEVEL = 0;
				GCC_PREPROCESSOR_DEFINITIONS = (
					"DEBUG=1",
					"$(inherited)",
				);
				GCC_WARN_64_TO_32_BIT_CONVERSION = YES;
				GCC_WARN_ABOUT_RETURN_TYPE = YES_ERROR;
				GCC_WARN_UNDECLARED_SELECTOR = YES;
				GCC_WARN_UNINITIALIZED_AUTOS = YES_AGGRESSIVE;
				GCC_WARN_UNUSED_FUNCTION = YES;
				GCC_WARN_UNUSED_VARIABLE = YES;
				IPHONEOS_DEPLOYMENT_TARGET = 16.1;
				MTL_ENABLE_DEBUG_INFO = INCLUDE_SOURCE;
				MTL_FAST_MATH = YES;
				ONLY_ACTIVE_ARCH = YES;
				SDKROOT = iphoneos;
			};
			name = Debug;
		};
		36629219239347D900DCFAAF /* Release */ = {
			isa = XCBuildConfiguration;
			buildSettings = {
				ALWAYS_SEARCH_USER_PATHS = NO;
				ASSETCATALOG_COMPILER_GENERATE_SWIFT_ASSET_SYMBOL_EXTENSIONS = YES;
				CLANG_ANALYZER_NONNULL = YES;
				CLANG_ANALYZER_NUMBER_OBJECT_CONVERSION = YES_AGGRESSIVE;
				CLANG_CXX_LANGUAGE_STANDARD = "gnu++14";
				CLANG_CXX_LIBRARY = "libc++";
				CLANG_ENABLE_MODULES = YES;
				CLANG_ENABLE_OBJC_ARC = YES;
				CLANG_ENABLE_OBJC_WEAK = YES;
				CLANG_WARN_BLOCK_CAPTURE_AUTORELEASING = YES;
				CLANG_WARN_BOOL_CONVERSION = YES;
				CLANG_WARN_COMMA = YES;
				CLANG_WARN_CONSTANT_CONVERSION = YES;
				CLANG_WARN_DEPRECATED_OBJC_IMPLEMENTATIONS = YES;
				CLANG_WARN_DIRECT_OBJC_ISA_USAGE = YES_ERROR;
				CLANG_WARN_DOCUMENTATION_COMMENTS = YES;
				CLANG_WARN_EMPTY_BODY = YES;
				CLANG_WARN_ENUM_CONVERSION = YES;
				CLANG_WARN_INFINITE_RECURSION = YES;
				CLANG_WARN_INT_CONVERSION = YES;
				CLANG_WARN_NON_LITERAL_NULL_CONVERSION = YES;
				CLANG_WARN_OBJC_IMPLICIT_RETAIN_SELF = YES;
				CLANG_WARN_OBJC_LITERAL_CONVERSION = YES;
				CLANG_WARN_OBJC_ROOT_CLASS = YES_ERROR;
				CLANG_WARN_QUOTED_INCLUDE_IN_FRAMEWORK_HEADER = YES;
				CLANG_WARN_RANGE_LOOP_ANALYSIS = YES;
				CLANG_WARN_STRICT_PROTOTYPES = YES;
				CLANG_WARN_SUSPICIOUS_MOVE = YES;
				CLANG_WARN_UNGUARDED_AVAILABILITY = YES_AGGRESSIVE;
				CLANG_WARN_UNREACHABLE_CODE = YES;
				CLANG_WARN__DUPLICATE_METHOD_MATCH = YES;
				COPY_PHASE_STRIP = NO;
				DEBUG_INFORMATION_FORMAT = "dwarf-with-dsym";
				ENABLE_NS_ASSERTIONS = NO;
				ENABLE_STRICT_OBJC_MSGSEND = YES;
				ENABLE_USER_SCRIPT_SANDBOXING = YES;
				GCC_C_LANGUAGE_STANDARD = gnu11;
				GCC_NO_COMMON_BLOCKS = YES;
				GCC_WARN_64_TO_32_BIT_CONVERSION = YES;
				GCC_WARN_ABOUT_RETURN_TYPE = YES_ERROR;
				GCC_WARN_UNDECLARED_SELECTOR = YES;
				GCC_WARN_UNINITIALIZED_AUTOS = YES_AGGRESSIVE;
				GCC_WARN_UNUSED_FUNCTION = YES;
				GCC_WARN_UNUSED_VARIABLE = YES;
				IPHONEOS_DEPLOYMENT_TARGET = 16.1;
				MTL_ENABLE_DEBUG_INFO = NO;
				MTL_FAST_MATH = YES;
				SDKROOT = iphoneos;
				VALIDATE_PRODUCT = YES;
			};
			name = Release;
		};
		3662921B239347D900DCFAAF /* Debug */ = {
			isa = XCBuildConfiguration;
			baseConfigurationReference = BDF412A9757D98F643976128 /* Pods-TFY_Calendar.debug.xcconfig */;
			buildSettings = {
				ASSETCATALOG_COMPILER_APPICON_NAME = AppIcon;
				CODE_SIGN_STYLE = Automatic;
				CURRENT_PROJECT_VERSION = 1.0.0;
				DEVELOPMENT_TEAM = QH95759TSS;
				ENABLE_USER_SCRIPT_SANDBOXING = NO;
				GCC_PRECOMPILE_PREFIX_HEADER = YES;
				GCC_PREFIX_HEADER = TFY_Calendar/PCH/Calendar_PrefixHeader.pch;
				INFOPLIST_FILE = TFY_Calendar/Info.plist;
				IPHONEOS_DEPLOYMENT_TARGET = 15.0;
				LD_RUNPATH_SEARCH_PATHS = (
					"$(inherited)",
					"@executable_path/Frameworks",
				);
				MARKETING_VERSION = 1.0.0;
				PRODUCT_BUNDLE_IDENTIFIER = "com.LMcompany.TFY-Calendar";
				PRODUCT_NAME = "$(TARGET_NAME)";
				TARGETED_DEVICE_FAMILY = "1,2";
			};
			name = Debug;
		};
		3662921C239347D900DCFAAF /* Release */ = {
			isa = XCBuildConfiguration;
			baseConfigurationReference = E539B16C342B3840185DD461 /* Pods-TFY_Calendar.release.xcconfig */;
			buildSettings = {
				ASSETCATALOG_COMPILER_APPICON_NAME = AppIcon;
				CODE_SIGN_STYLE = Automatic;
				CURRENT_PROJECT_VERSION = 1.0.0;
				DEVELOPMENT_TEAM = QH95759TSS;
				ENABLE_USER_SCRIPT_SANDBOXING = NO;
				GCC_PRECOMPILE_PREFIX_HEADER = YES;
				GCC_PREFIX_HEADER = TFY_Calendar/PCH/Calendar_PrefixHeader.pch;
				INFOPLIST_FILE = TFY_Calendar/Info.plist;
				IPHONEOS_DEPLOYMENT_TARGET = 15.0;
				LD_RUNPATH_SEARCH_PATHS = (
					"$(inherited)",
					"@executable_path/Frameworks",
				);
				MARKETING_VERSION = 1.0.0;
				PRODUCT_BUNDLE_IDENTIFIER = "com.LMcompany.TFY-Calendar";
				PRODUCT_NAME = "$(TARGET_NAME)";
				TARGETED_DEVICE_FAMILY = "1,2";
			};
			name = Release;
		};
		3662921E239347D900DCFAAF /* Debug */ = {
			isa = XCBuildConfiguration;
			baseConfigurationReference = 279F2CB0F86EA9CAD5AAEAD0 /* Pods-TFY_CalendarTests.debug.xcconfig */;
			buildSettings = {
				BUNDLE_LOADER = "$(TEST_HOST)";
				CODE_SIGN_STYLE = Automatic;
				DEVELOPMENT_TEAM = RP2K7V42S5;
				INFOPLIST_FILE = TFY_CalendarTests/Info.plist;
				IPHONEOS_DEPLOYMENT_TARGET = 15.0;
				LD_RUNPATH_SEARCH_PATHS = (
					"$(inherited)",
					"@executable_path/Frameworks",
					"@loader_path/Frameworks",
				);
				PRODUCT_BUNDLE_IDENTIFIER = "com.LMcompany.TFY-CalendarTests";
				PRODUCT_NAME = "$(TARGET_NAME)";
				TARGETED_DEVICE_FAMILY = "1,2";
				TEST_HOST = "$(BUILT_PRODUCTS_DIR)/TFY_Calendar.app/TFY_Calendar";
			};
			name = Debug;
		};
		3662921F239347D900DCFAAF /* Release */ = {
			isa = XCBuildConfiguration;
			baseConfigurationReference = 1BDDCEFAD8080C40D435F397 /* Pods-TFY_CalendarTests.release.xcconfig */;
			buildSettings = {
				BUNDLE_LOADER = "$(TEST_HOST)";
				CODE_SIGN_STYLE = Automatic;
				DEVELOPMENT_TEAM = RP2K7V42S5;
				INFOPLIST_FILE = TFY_CalendarTests/Info.plist;
				IPHONEOS_DEPLOYMENT_TARGET = 15.0;
				LD_RUNPATH_SEARCH_PATHS = (
					"$(inherited)",
					"@executable_path/Frameworks",
					"@loader_path/Frameworks",
				);
				PRODUCT_BUNDLE_IDENTIFIER = "com.LMcompany.TFY-CalendarTests";
				PRODUCT_NAME = "$(TARGET_NAME)";
				TARGETED_DEVICE_FAMILY = "1,2";
				TEST_HOST = "$(BUILT_PRODUCTS_DIR)/TFY_Calendar.app/TFY_Calendar";
			};
			name = Release;
		};
		36629221239347D900DCFAAF /* Debug */ = {
			isa = XCBuildConfiguration;
			baseConfigurationReference = 8AFD79197C113FB1935BA2E0 /* Pods-TFY_Calendar-TFY_CalendarUITests.debug.xcconfig */;
			buildSettings = {
				CODE_SIGN_STYLE = Automatic;
				DEVELOPMENT_TEAM = RP2K7V42S5;
				INFOPLIST_FILE = TFY_CalendarUITests/Info.plist;
				IPHONEOS_DEPLOYMENT_TARGET = 15.0;
				LD_RUNPATH_SEARCH_PATHS = (
					"$(inherited)",
					"@executable_path/Frameworks",
					"@loader_path/Frameworks",
				);
				PRODUCT_BUNDLE_IDENTIFIER = "com.LMcompany.TFY-CalendarUITests";
				PRODUCT_NAME = "$(TARGET_NAME)";
				TARGETED_DEVICE_FAMILY = "1,2";
				TEST_TARGET_NAME = TFY_Calendar;
			};
			name = Debug;
		};
		36629222239347D900DCFAAF /* Release */ = {
			isa = XCBuildConfiguration;
			baseConfigurationReference = FC89AFF318F89BAD994ED9D9 /* Pods-TFY_Calendar-TFY_CalendarUITests.release.xcconfig */;
			buildSettings = {
				CODE_SIGN_STYLE = Automatic;
				DEVELOPMENT_TEAM = RP2K7V42S5;
				INFOPLIST_FILE = TFY_CalendarUITests/Info.plist;
				IPHONEOS_DEPLOYMENT_TARGET = 15.0;
				LD_RUNPATH_SEARCH_PATHS = (
					"$(inherited)",
					"@executable_path/Frameworks",
					"@loader_path/Frameworks",
				);
				PRODUCT_BUNDLE_IDENTIFIER = "com.LMcompany.TFY-CalendarUITests";
				PRODUCT_NAME = "$(TARGET_NAME)";
				TARGETED_DEVICE_FAMILY = "1,2";
				TEST_TARGET_NAME = TFY_Calendar;
			};
			name = Release;
		};
/* End XCBuildConfiguration section */

/* Begin XCConfigurationList section */
		366291E6239347D800DCFAAF /* Build configuration list for PBXProject "TFY_Calendar" */ = {
			isa = XCConfigurationList;
			buildConfigurations = (
				36629218239347D900DCFAAF /* Debug */,
				36629219239347D900DCFAAF /* Release */,
			);
			defaultConfigurationIsVisible = 0;
			defaultConfigurationName = Release;
		};
		3662921A239347D900DCFAAF /* Build configuration list for PBXNativeTarget "TFY_Calendar" */ = {
			isa = XCConfigurationList;
			buildConfigurations = (
				3662921B239347D900DCFAAF /* Debug */,
				3662921C239347D900DCFAAF /* Release */,
			);
			defaultConfigurationIsVisible = 0;
			defaultConfigurationName = Release;
		};
		3662921D239347D900DCFAAF /* Build configuration list for PBXNativeTarget "TFY_CalendarTests" */ = {
			isa = XCConfigurationList;
			buildConfigurations = (
				3662921E239347D900DCFAAF /* Debug */,
				3662921F239347D900DCFAAF /* Release */,
			);
			defaultConfigurationIsVisible = 0;
			defaultConfigurationName = Release;
		};
		36629220239347D900DCFAAF /* Build configuration list for PBXNativeTarget "TFY_CalendarUITests" */ = {
			isa = XCConfigurationList;
			buildConfigurations = (
				36629221239347D900DCFAAF /* Debug */,
				36629222239347D900DCFAAF /* Release */,
			);
			defaultConfigurationIsVisible = 0;
			defaultConfigurationName = Release;
		};
/* End XCConfigurationList section */
	};
	rootObject = 366291E3239347D800DCFAAF /* Project object */;
}
